{
    "name": "natours",
    "version": "1.0.0",
    "lockfileVersion": 3,
    "requires": true,
    "packages": {
        "": {
            "name": "natours",
            "version": "1.0.0",
            "license": "ISC",
            "devDependencies": {
                "sass": "^1.79.4",
                "script": "^0.1.4"
            }
        },
        "node_modules/chokidar": {
            "version": "4.0.1",
            "resolved": "https://registry.npmjs.org/chokidar/-/chokidar-4.0.1.tgz",
            "integrity": "sha512-n8enUVCED/KVRQlab1hr3MVpcVMvxtZjmEa956u+4YijlmQED223XMSYj2tLuKvr4jcCTzNNMpQDUer72MMmzA==",
            "dev": true,
            "dependencies": {
                "readdirp": "^4.0.1"
            },
            "engines": {
                "node": ">= 14.16.0"
            },
            "funding": {
                "url": "https://paulmillr.com/funding/"
            }
        },
        "node_modules/concat-stream": {
            "version": "0.0.8",
            "resolved": "https://registry.npmjs.org/concat-stream/-/concat-stream-0.0.8.tgz",
            "integrity": "sha512-z19r8v2Wnqku4y2MO6oCOJi0L9ll/Jw0r+eXIb/DZPohj1fepAa2gSeRDY8UjdwrUnjJ7ZjQf7kX8YTwBM+GWg==",
            "dev": true,
            "engines": [
                "node >= 0.8.0"
            ]
        },
        "node_modules/detective": {
            "version": "0.3.0-dz0",
            "resolved": "git+ssh://git@github.com/shtylman/node-detective.git#06d5cb4534818860b5a7f8d0a321dc7ae86d8e74",
            "dev": true,
            "license": "MIT",
            "dependencies": {
                "escodegen": "0.0.15",
                "esprima": "1.0.2"
            },
            "engines": {
                "node": ">=0.6.0"
            }
        },
        "node_modules/escodegen": {
            "version": "0.0.15",
            "resolved": "https://registry.npmjs.org/escodegen/-/escodegen-0.0.15.tgz",
            "integrity": "sha512-ALdTVKqhEj6bDf4pC0fXWRiUvhyJSJ0Ic8AdPuMGKckoa3gMXG+MPduI8TlDoSS84swDkfXeogXapbkErAHvDA==",
            "dev": true,
            "dependencies": {
                "esprima": ">= 1.0.0"
            },
            "bin": {
                "escodegen": "bin/escodegen.js",
                "esgenerate": "bin/esgenerate.js"
            },
            "engines": {
                "node": ">=0.4.0"
            },
            "optionalDependencies": {
                "source-map": ">= 0.1.2"
            }
        },
        "node_modules/esprima": {
            "version": "1.0.2",
            "resolved": "https://registry.npmjs.org/esprima/-/esprima-1.0.2.tgz",
            "integrity": "sha512-j2ZAN1Cm/rgsIEHgNa6eqvZjEtqFh8WEUdVswEpxj03AyzR1R6CHfunOpd9NOmLg0U18aAO2FunAjs49f5w0Yg==",
            "dev": true,
            "bin": {
                "esparse": "bin/esparse.js",
                "esvalidate": "bin/esvalidate.js"
            },
            "engines": {
                "node": ">=0.4.0"
            }
        },
        "node_modules/http-browserify": {
            "version": "0.1.2",
            "resolved": "https://registry.npmjs.org/http-browserify/-/http-browserify-0.1.2.tgz",
            "integrity": "sha512-50krmtUOhmKBnxcAfy2bYvBvDCT1KU1XFynfVpkzWaLDiN1yXcjyAqNZ0M+7Dn68MsM9ZZli0Q+0xpyaKy4LQw==",
            "dev": true,
            "dependencies": {
                "concat-stream": "0.0.8"
            }
        },
        "node_modules/immutable": {
            "version": "4.3.7",
            "resolved": "https://registry.npmjs.org/immutable/-/immutable-4.3.7.tgz",
            "integrity": "sha512-1hqclzwYwjRDFLjcFxOM5AYkkG0rpFPpr1RLPMEuGczoS7YA8gLhy8SWXYRAA/XwfEHpfo3cw5JGioS32fnMRw==",
            "dev": true
        },
        "node_modules/merge": {
            "version": "1.0.0",
            "resolved": "https://registry.npmjs.org/merge/-/merge-1.0.0.tgz",
            "integrity": "sha512-cC6PQ4VUbr1B1U/J9KrgANoa6Dn1P01a/JsWntA5Fl0fm43+dyMr4Ge2u8hj2EXqxLRUArLfRpuCryntasbMfw==",
            "dev": true,
            "engines": {
                "node": "*"
            }
        },
        "node_modules/optimist": {
            "version": "0.3.4",
            "resolved": "https://registry.npmjs.org/optimist/-/optimist-0.3.4.tgz",
            "integrity": "sha512-CM668OmXLjrLKlVPze/bc0BIOZ0qoM5gWwEVurkjXPv6cgkybJ2TSt86nmaud+niwPfWHLOcgbbcRtA5zJgOIQ==",
            "dev": true,
            "dependencies": {
                "wordwrap": "~0.0.2"
            },
            "engines": {
                "node": "*"
            }
        },
        "node_modules/process": {
            "version": "0.5.0",
            "resolved": "https://registry.npmjs.org/process/-/process-0.5.0.tgz",
            "integrity": "sha512-keggeARIyaZK2e/EzBc3wiYR1dJuHRnTzBC+Y13Z2xEuKfTehFbWwm+FihyNL4eucO1kktW3elFCKgw4W7v/gg==",
            "dev": true,
            "engines": {
                "node": ">= 0.6.0"
            }
        },
        "node_modules/readdirp": {
            "version": "4.0.2",
            "resolved": "https://registry.npmjs.org/readdirp/-/readdirp-4.0.2.tgz",
            "integrity": "sha512-yDMz9g+VaZkqBYS/ozoBJwaBhTbZo3UNYQHNRw1D3UFQB8oHB4uS/tAODO+ZLjGWmUbKnIlOWO+aaIiAxrUWHA==",
            "dev": true,
            "engines": {
                "node": ">= 14.16.0"
            },
            "funding": {
                "type": "individual",
                "url": "https://paulmillr.com/funding/"
            }
        },
        "node_modules/required": {
            "version": "0.0.8",
            "resolved": "https://registry.npmjs.org/required/-/required-0.0.8.tgz",
            "integrity": "sha512-wasO+1YxXedAmCtUuer65B28uyxOMeRZ97PHMCcMxpbq4ZVzlsHIhRFD2pqFLXQvqGU1fTjEmuXbXQXJrDg8dQ==",
            "dev": true,
            "dependencies": {
                "detective": "git://github.com/shtylman/node-detective.git#06d5cb"
            }
        },
        "node_modules/sass": {
            "version": "1.79.4",
            "resolved": "https://registry.npmjs.org/sass/-/sass-1.79.4.tgz",
            "integrity": "sha512-K0QDSNPXgyqO4GZq2HO5Q70TLxTH6cIT59RdoCHMivrC8rqzaTw5ab9prjz9KUN1El4FLXrBXJhik61JR4HcGg==",
            "dev": true,
            "dependencies": {
                "chokidar": "^4.0.0",
                "immutable": "^4.0.0",
                "source-map-js": ">=0.6.2 <2.0.0"
            },
            "bin": {
                "sass": "sass.js"
            },
            "engines": {
                "node": ">=14.0.0"
            }
        },
        "node_modules/script": {
            "version": "0.1.4",
            "resolved": "https://registry.npmjs.org/script/-/script-0.1.4.tgz",
            "integrity": "sha512-TQ0634hj7trAFXnAew2GvNEB4CTOyO88YOdnEqdqKLBA3ohWLU7Qh6so+ZdxblBUeGC+PUTFUlQ4kxZBH/J4UQ==",
            "dev": true,
            "dependencies": {
                "http-browserify": "0.1.2",
                "merge": "1.0.0",
                "optimist": "0.3.4",
                "process": "0.5.0",
                "required": "0.0.8"
            },
            "bin": {
                "bundle": "bin/bundle"
            }
        },
        "node_modules/source-map": {
            "version": "0.7.4",
            "resolved": "https://registry.npmjs.org/source-map/-/source-map-0.7.4.tgz",
            "integrity": "sha512-l3BikUxvPOcn5E74dZiq5BGsTb5yEwhaTSzccU6t4sDOH8NWJCstKO5QT2CvtFoK6F0saL7p9xHAqHOlCPJygA==",
            "dev": true,
            "optional": true,
            "engines": {
                "node": ">= 8"
            }
        },
        "node_modules/source-map-js": {
            "version": "1.2.1",
            "resolved": "https://registry.npmjs.org/source-map-js/-/source-map-js-1.2.1.tgz",
            "integrity": "sha512-UXWMKhLOwVKb728IUtQPXxfYU+usdybtUrK/8uGE8CQMvrhOpwvzDBwj0QhSL7MQc7vIsISBG8VQ8+IDQxpfQA==",
            "dev": true,
            "engines": {
                "node": ">=0.10.0"
            }
        },
        "node_modules/wordwrap": {
            "version": "0.0.3",
            "resolved": "https://registry.npmjs.org/wordwrap/-/wordwrap-0.0.3.tgz",
            "integrity": "sha512-1tMA907+V4QmxV7dbRvb4/8MaRALK6q9Abid3ndMYnbyo8piisCmeONVqVSXqQA3KaP4SLt5b7ud6E2sqP8TFw==",
            "dev": true,
            "engines": {
                "node": ">=0.4.0"
            }
        }
    }
}
